
Microsoft Visual Studio Solution File, Format Version 12.00
# Visual Studio Version 17
VisualStudioVersion = 17.0.32112.339
MinimumVisualStudioVersion = 10.0.40219.1
Project("{8BC9CEB8-8B4A-11D0-8D11-00A0C91BC942}") = "陈15", "陈15.vcxproj", "{CEF0ABFF-B924-4C91-B15E-6A8FB3F0F4B6}"
EndProject
Global
	GlobalSection(SolutionConfigurationPlatforms) = preSolution
		Debug|x64 = Debug|x64
		Debug|x86 = Debug|x86
		Release|x64 = Release|x64
		Release|x86 = Release|x86
	EndGlobalSection
	GlobalSection(ProjectConfigurationPlatforms) = postSolution
		{CEF0ABFF-B924-4C91-B15E-6A8FB3F0F4B6}.Debug|x64.ActiveCfg = Debug|x64
		{CEF0ABFF-B924-4C91-B15E-6A8FB3F0F4B6}.Debug|x64.Build.0 = Debug|x64
		{CEF0ABFF-B924-4C91-B15E-6A8FB3F0F4B6}.Debug|x86.ActiveCfg = Debug|Win32
		{CEF0ABFF-B924-4C91-B15E-6A8FB3F0F4B6}.Debug|x86.Build.0 = Debug|Win32
		{CEF0ABFF-B924-4C91-B15E-6A8FB3F0F4B6}.Release|x64.ActiveCfg = Release|x64
		{CEF0ABFF-B924-4C91-B15E-6A8FB3F0F4B6}.Release|x64.Build.0 = Release|x64
		{CEF0ABFF-B924-4C91-B15E-6A8FB3F0F4B6}.Release|x86.ActiveCfg = Release|Win32
		{CEF0ABFF-B924-4C91-B15E-6A8FB3F0F4B6}.Release|x86.Build.0 = Release|Win32
	EndGlobalSection
	GlobalSection(SolutionProperties) = preSolution
		HideSolutionNode = FALSE
	EndGlobalSection
	GlobalSection(ExtensibilityGlobals) = postSolution
		SolutionGuid = {8BD52158-95F9-4C6C-A18A-750280115213}
	EndGlobalSection
EndGlobal
