
Microsoft Visual Studio Solution File, Format Version 12.00
# Visual Studio Version 17
VisualStudioVersion = 17.0.32112.339
MinimumVisualStudioVersion = 10.0.40219.1
Project("{8BC9CEB8-8B4A-11D0-8D11-00A0C91BC942}") = "陈二十", "陈二十.vcxproj", "{CEC48C74-D5D6-4F29-9DD8-3B7EB4834256}"
EndProject
Global
	GlobalSection(SolutionConfigurationPlatforms) = preSolution
		Debug|x64 = Debug|x64
		Debug|x86 = Debug|x86
		Release|x64 = Release|x64
		Release|x86 = Release|x86
	EndGlobalSection
	GlobalSection(ProjectConfigurationPlatforms) = postSolution
		{CEC48C74-D5D6-4F29-9DD8-3B7EB4834256}.Debug|x64.ActiveCfg = Debug|x64
		{CEC48C74-D5D6-4F29-9DD8-3B7EB4834256}.Debug|x64.Build.0 = Debug|x64
		{CEC48C74-D5D6-4F29-9DD8-3B7EB4834256}.Debug|x86.ActiveCfg = Debug|Win32
		{CEC48C74-D5D6-4F29-9DD8-3B7EB4834256}.Debug|x86.Build.0 = Debug|Win32
		{CEC48C74-D5D6-4F29-9DD8-3B7EB4834256}.Release|x64.ActiveCfg = Release|x64
		{CEC48C74-D5D6-4F29-9DD8-3B7EB4834256}.Release|x64.Build.0 = Release|x64
		{CEC48C74-D5D6-4F29-9DD8-3B7EB4834256}.Release|x86.ActiveCfg = Release|Win32
		{CEC48C74-D5D6-4F29-9DD8-3B7EB4834256}.Release|x86.Build.0 = Release|Win32
	EndGlobalSection
	GlobalSection(SolutionProperties) = preSolution
		HideSolutionNode = FALSE
	EndGlobalSection
	GlobalSection(ExtensibilityGlobals) = postSolution
		SolutionGuid = {A4B1FC0E-5534-485C-963A-4BAA21C13CE1}
	EndGlobalSection
EndGlobal
